
Microsoft Visual Studio Solution File, Format Version 12.00
# Visual Studio Version 16
VisualStudioVersion = 16.0.30804.86
MinimumVisualStudioVersion = 10.0.40219.1
Project("{FAE04EC0-301F-11D3-BF4B-00C04F79EFBC}") = "List", "List\List.csproj", "{43036026-6185-43CC-9CE0-830744C817EA}"
EndProject
Global
	GlobalSection(SolutionConfigurationPlatforms) = preSolution
		Debug|Any CPU = Debug|Any CPU
		Release|Any CPU = Release|Any CPU
	EndGlobalSection
	GlobalSection(ProjectConfigurationPlatforms) = postSolution
		{43036026-6185-43CC-9CE0-830744C817EA}.Debug|Any CPU.ActiveCfg = Debug|Any CPU
		{43036026-6185-43CC-9CE0-830744C817EA}.Debug|Any CPU.Build.0 = Debug|Any CPU
		{43036026-6185-43CC-9CE0-830744C817EA}.Release|Any CPU.ActiveCfg = Release|Any CPU
		{43036026-6185-43CC-9CE0-830744C817EA}.Release|Any CPU.Build.0 = Release|Any CPU
	EndGlobalSection
	GlobalSection(SolutionProperties) = preSolution
		HideSolutionNode = FALSE
	EndGlobalSection
	GlobalSection(ExtensibilityGlobals) = postSolution
		SolutionGuid = {1D3A23AC-00C7-4627-AE42-07A34162B751}
	EndGlobalSection
EndGlobal
